<?xml version="1.0" encoding="utf-8"?>
<Project ToolsVersion="4.0" xmlns="http://schemas.microsoft.com/developer/msbuild/2003">
  <ItemGroup>
    <ClCompile Include="Bullet.cpp" />
    <ClCompile Include="Enemy.cpp" />
    <ClCompile Include="Flame.cpp" />
    <ClCompile Include="Game.cpp" />
    <ClCompile Include="GameObject.cpp" />
    <ClCompile Include="HUD.cpp" />
    <ClCompile Include="main.cpp" />
    <ClCompile Include="menu.cpp" />
    <ClCompile Include="MyTexture.cpp" />
    <ClCompile Include="Player.cpp" />
    <ClCompile Include="utils\figures.cpp" />
    <ClCompile Include="utils\utils.cpp" />
    <ClCompile Include="weapon.cpp" />
    <ClCompile Include="Bomb.cpp" />
    <ClCompile Include="MyText.cpp" />
    <ClCompile Include="ObjectAdder.cpp" />
    <ClCompile Include="EnemyAdder.cpp" />
    <ClCompile Include="PlayerHealthBar.cpp" />
    <ClCompile Include="Crate.cpp" />
    <ClCompile Include="PatrollingEnemy.cpp" />
    <ClCompile Include="TitleScreen.cpp" />
    <ClCompile Include="Level.cpp" />
  </ItemGroup>
  <ItemGroup>
    <ClInclude Include="Bullet.h" />
    <ClInclude Include="Enemy.h" />
    <ClInclude Include="Flame.h" />
    <ClInclude Include="GameObject.h" />
    <ClInclude Include="HUD.h" />
    <ClInclude Include="menu.h" />
    <ClInclude Include="MyText.h" />
    <ClInclude Include="MyTexture.h" />
    <ClInclude Include="Game.h" />
    <ClInclude Include="Bomb.h" />
    <ClInclude Include="ObjectAdder.h" />
    <ClInclude Include="Player.h" />
    <ClInclude Include="utils\figures.h" />
    <ClInclude Include="utils\utils.h" />
    <ClInclude Include="weapon.h" />
    <ClInclude Include="EnemyAdder.h" />
    <ClInclude Include="PlayerHealthBar.h" />
    <ClInclude Include="Crate.h" />
    <ClInclude Include="PatrollingEnemy.h" />
    <ClInclude Include="TitleScreen.h" />
    <ClInclude Include="game_settings.h" />
    <ClInclude Include="Level.h" />
    <ClInclude Include="TextureDataStruct.h" />
  </ItemGroup>
  <ItemGroup>
    <None Include="enemyGoTo.tpp" />
  </ItemGroup>
</Project>